
Microsoft Visual Studio Solution File, Format Version 12.00
# Visual Studio 15
VisualStudioVersion = 15.0.26124.0
MinimumVisualStudioVersion = 15.0.26124.0
Project("{FAE04EC0-301F-11D3-BF4B-00C04F79EFBC}") = "Tesli.Api", "Tesli.Api\Tesli.Api.csproj", "{2B83A7CD-570D-431A-9F9D-2250DC19D77E}"
EndProject
Project("{FAE04EC0-301F-11D3-BF4B-00C04F79EFBC}") = "Tesli.Tests", "Tesli.Tests\Tesli.Tests.csproj", "{BDECD027-DFCF-464B-827D-2E5AC6546378}"
EndProject
Project("{FAE04EC0-301F-11D3-BF4B-00C04F79EFBC}") = "Tesli.Model", "Tesli.Model\Tesli.Model.csproj", "{F427C0C8-CA73-4A5F-8D6F-FD114F741834}"
EndProject
Project("{FAE04EC0-301F-11D3-BF4B-00C04F79EFBC}") = "Tesli.Model.Sqlite", "Tesli.Model.Sqlite\Tesli.Model.Sqlite.csproj", "{B69108E0-024D-4DC3-A883-3EDFED069346}"
EndProject
Project("{FAE04EC0-301F-11D3-BF4B-00C04F79EFBC}") = "Tesli.Services", "Tesli.Services\Tesli.Services.csproj", "{4C234E8C-E779-4BB2-B1CF-5A8801AE8744}"
EndProject
Project("{FAE04EC0-301F-11D3-BF4B-00C04F79EFBC}") = "Tesli.Database.Sqlite", "Tesli.Database.Sqlite\Tesli.Database.Sqlite.csproj", "{EB76A08A-ADD7-404D-8DE4-31C276AEAE9B}"
EndProject
Global
	GlobalSection(SolutionConfigurationPlatforms) = preSolution
		Debug|Any CPU = Debug|Any CPU
		Debug|x64 = Debug|x64
		Debug|x86 = Debug|x86
		Release|Any CPU = Release|Any CPU
		Release|x64 = Release|x64
		Release|x86 = Release|x86
	EndGlobalSection
	GlobalSection(SolutionProperties) = preSolution
		HideSolutionNode = FALSE
	EndGlobalSection
	GlobalSection(ProjectConfigurationPlatforms) = postSolution
		{2B83A7CD-570D-431A-9F9D-2250DC19D77E}.Debug|Any CPU.ActiveCfg = Debug|Any CPU
		{2B83A7CD-570D-431A-9F9D-2250DC19D77E}.Debug|Any CPU.Build.0 = Debug|Any CPU
		{2B83A7CD-570D-431A-9F9D-2250DC19D77E}.Debug|x64.ActiveCfg = Debug|x64
		{2B83A7CD-570D-431A-9F9D-2250DC19D77E}.Debug|x64.Build.0 = Debug|x64
		{2B83A7CD-570D-431A-9F9D-2250DC19D77E}.Debug|x86.ActiveCfg = Debug|x86
		{2B83A7CD-570D-431A-9F9D-2250DC19D77E}.Debug|x86.Build.0 = Debug|x86
		{2B83A7CD-570D-431A-9F9D-2250DC19D77E}.Release|Any CPU.ActiveCfg = Release|Any CPU
		{2B83A7CD-570D-431A-9F9D-2250DC19D77E}.Release|Any CPU.Build.0 = Release|Any CPU
		{2B83A7CD-570D-431A-9F9D-2250DC19D77E}.Release|x64.ActiveCfg = Release|x64
		{2B83A7CD-570D-431A-9F9D-2250DC19D77E}.Release|x64.Build.0 = Release|x64
		{2B83A7CD-570D-431A-9F9D-2250DC19D77E}.Release|x86.ActiveCfg = Release|x86
		{2B83A7CD-570D-431A-9F9D-2250DC19D77E}.Release|x86.Build.0 = Release|x86
		{BDECD027-DFCF-464B-827D-2E5AC6546378}.Debug|Any CPU.ActiveCfg = Debug|Any CPU
		{BDECD027-DFCF-464B-827D-2E5AC6546378}.Debug|Any CPU.Build.0 = Debug|Any CPU
		{BDECD027-DFCF-464B-827D-2E5AC6546378}.Debug|x64.ActiveCfg = Debug|x64
		{BDECD027-DFCF-464B-827D-2E5AC6546378}.Debug|x64.Build.0 = Debug|x64
		{BDECD027-DFCF-464B-827D-2E5AC6546378}.Debug|x86.ActiveCfg = Debug|x86
		{BDECD027-DFCF-464B-827D-2E5AC6546378}.Debug|x86.Build.0 = Debug|x86
		{BDECD027-DFCF-464B-827D-2E5AC6546378}.Release|Any CPU.ActiveCfg = Release|Any CPU
		{BDECD027-DFCF-464B-827D-2E5AC6546378}.Release|Any CPU.Build.0 = Release|Any CPU
		{BDECD027-DFCF-464B-827D-2E5AC6546378}.Release|x64.ActiveCfg = Release|x64
		{BDECD027-DFCF-464B-827D-2E5AC6546378}.Release|x64.Build.0 = Release|x64
		{BDECD027-DFCF-464B-827D-2E5AC6546378}.Release|x86.ActiveCfg = Release|x86
		{BDECD027-DFCF-464B-827D-2E5AC6546378}.Release|x86.Build.0 = Release|x86
		{F427C0C8-CA73-4A5F-8D6F-FD114F741834}.Debug|Any CPU.ActiveCfg = Debug|Any CPU
		{F427C0C8-CA73-4A5F-8D6F-FD114F741834}.Debug|Any CPU.Build.0 = Debug|Any CPU
		{F427C0C8-CA73-4A5F-8D6F-FD114F741834}.Debug|x64.ActiveCfg = Debug|Any CPU
		{F427C0C8-CA73-4A5F-8D6F-FD114F741834}.Debug|x64.Build.0 = Debug|Any CPU
		{F427C0C8-CA73-4A5F-8D6F-FD114F741834}.Debug|x86.ActiveCfg = Debug|Any CPU
		{F427C0C8-CA73-4A5F-8D6F-FD114F741834}.Debug|x86.Build.0 = Debug|Any CPU
		{F427C0C8-CA73-4A5F-8D6F-FD114F741834}.Release|Any CPU.ActiveCfg = Release|Any CPU
		{F427C0C8-CA73-4A5F-8D6F-FD114F741834}.Release|Any CPU.Build.0 = Release|Any CPU
		{F427C0C8-CA73-4A5F-8D6F-FD114F741834}.Release|x64.ActiveCfg = Release|Any CPU
		{F427C0C8-CA73-4A5F-8D6F-FD114F741834}.Release|x64.Build.0 = Release|Any CPU
		{F427C0C8-CA73-4A5F-8D6F-FD114F741834}.Release|x86.ActiveCfg = Release|Any CPU
		{F427C0C8-CA73-4A5F-8D6F-FD114F741834}.Release|x86.Build.0 = Release|Any CPU
		{B69108E0-024D-4DC3-A883-3EDFED069346}.Debug|Any CPU.ActiveCfg = Debug|Any CPU
		{B69108E0-024D-4DC3-A883-3EDFED069346}.Debug|Any CPU.Build.0 = Debug|Any CPU
		{B69108E0-024D-4DC3-A883-3EDFED069346}.Debug|x64.ActiveCfg = Debug|Any CPU
		{B69108E0-024D-4DC3-A883-3EDFED069346}.Debug|x64.Build.0 = Debug|Any CPU
		{B69108E0-024D-4DC3-A883-3EDFED069346}.Debug|x86.ActiveCfg = Debug|Any CPU
		{B69108E0-024D-4DC3-A883-3EDFED069346}.Debug|x86.Build.0 = Debug|Any CPU
		{B69108E0-024D-4DC3-A883-3EDFED069346}.Release|Any CPU.ActiveCfg = Release|Any CPU
		{B69108E0-024D-4DC3-A883-3EDFED069346}.Release|Any CPU.Build.0 = Release|Any CPU
		{B69108E0-024D-4DC3-A883-3EDFED069346}.Release|x64.ActiveCfg = Release|Any CPU
		{B69108E0-024D-4DC3-A883-3EDFED069346}.Release|x64.Build.0 = Release|Any CPU
		{B69108E0-024D-4DC3-A883-3EDFED069346}.Release|x86.ActiveCfg = Release|Any CPU
		{B69108E0-024D-4DC3-A883-3EDFED069346}.Release|x86.Build.0 = Release|Any CPU
		{4C234E8C-E779-4BB2-B1CF-5A8801AE8744}.Debug|Any CPU.ActiveCfg = Debug|Any CPU
		{4C234E8C-E779-4BB2-B1CF-5A8801AE8744}.Debug|Any CPU.Build.0 = Debug|Any CPU
		{4C234E8C-E779-4BB2-B1CF-5A8801AE8744}.Debug|x64.ActiveCfg = Debug|Any CPU
		{4C234E8C-E779-4BB2-B1CF-5A8801AE8744}.Debug|x64.Build.0 = Debug|Any CPU
		{4C234E8C-E779-4BB2-B1CF-5A8801AE8744}.Debug|x86.ActiveCfg = Debug|Any CPU
		{4C234E8C-E779-4BB2-B1CF-5A8801AE8744}.Debug|x86.Build.0 = Debug|Any CPU
		{4C234E8C-E779-4BB2-B1CF-5A8801AE8744}.Release|Any CPU.ActiveCfg = Release|Any CPU
		{4C234E8C-E779-4BB2-B1CF-5A8801AE8744}.Release|Any CPU.Build.0 = Release|Any CPU
		{4C234E8C-E779-4BB2-B1CF-5A8801AE8744}.Release|x64.ActiveCfg = Release|Any CPU
		{4C234E8C-E779-4BB2-B1CF-5A8801AE8744}.Release|x64.Build.0 = Release|Any CPU
		{4C234E8C-E779-4BB2-B1CF-5A8801AE8744}.Release|x86.ActiveCfg = Release|Any CPU
		{4C234E8C-E779-4BB2-B1CF-5A8801AE8744}.Release|x86.Build.0 = Release|Any CPU
		{EB76A08A-ADD7-404D-8DE4-31C276AEAE9B}.Debug|Any CPU.ActiveCfg = Debug|Any CPU
		{EB76A08A-ADD7-404D-8DE4-31C276AEAE9B}.Debug|Any CPU.Build.0 = Debug|Any CPU
		{EB76A08A-ADD7-404D-8DE4-31C276AEAE9B}.Debug|x64.ActiveCfg = Debug|Any CPU
		{EB76A08A-ADD7-404D-8DE4-31C276AEAE9B}.Debug|x64.Build.0 = Debug|Any CPU
		{EB76A08A-ADD7-404D-8DE4-31C276AEAE9B}.Debug|x86.ActiveCfg = Debug|Any CPU
		{EB76A08A-ADD7-404D-8DE4-31C276AEAE9B}.Debug|x86.Build.0 = Debug|Any CPU
		{EB76A08A-ADD7-404D-8DE4-31C276AEAE9B}.Release|Any CPU.ActiveCfg = Release|Any CPU
		{EB76A08A-ADD7-404D-8DE4-31C276AEAE9B}.Release|Any CPU.Build.0 = Release|Any CPU
		{EB76A08A-ADD7-404D-8DE4-31C276AEAE9B}.Release|x64.ActiveCfg = Release|Any CPU
		{EB76A08A-ADD7-404D-8DE4-31C276AEAE9B}.Release|x64.Build.0 = Release|Any CPU
		{EB76A08A-ADD7-404D-8DE4-31C276AEAE9B}.Release|x86.ActiveCfg = Release|Any CPU
		{EB76A08A-ADD7-404D-8DE4-31C276AEAE9B}.Release|x86.Build.0 = Release|Any CPU
	EndGlobalSection
EndGlobal
